
Microsoft Visual Studio Solution File, Format Version 12.00
# Visual Studio 14
VisualStudioVersion = 14.0.25420.1
MinimumVisualStudioVersion = 10.0.40219.1
Project("{FAE04EC0-301F-11D3-BF4B-00C04F79EFBC}") = "Biblioteka.Model", "Biblioteka\Biblioteka.Model.csproj", "{99BE4478-A4A5-4AFC-8C2D-9FCFC1088B5A}"
EndProject
Project("{FAE04EC0-301F-11D3-BF4B-00C04F79EFBC}") = "Biblioteka.View", "Biblioteka.Forms\Biblioteka.View.csproj", "{7537D758-6032-440F-B8BE-E1C828FEDF0E}"
EndProject
Project("{FAE04EC0-301F-11D3-BF4B-00C04F79EFBC}") = "Biblioteka.BLL", "Biblioteka.BLL\Biblioteka.BLL.csproj", "{BA9EB53C-5D70-4123-8EB8-84780E72F749}"
EndProject
Project("{FAE04EC0-301F-11D3-BF4B-00C04F79EFBC}") = "Biblioteka.Common", "Biblioteka.Common\Biblioteka.Common.csproj", "{A216B346-78BE-42DC-B5A1-62E8C36D0718}"
EndProject
Project("{FAE04EC0-301F-11D3-BF4B-00C04F79EFBC}") = "Biblioteka.DAL", "Biblioteka.DAL\Biblioteka.DAL.csproj", "{7F483311-82E2-4B0B-BB0D-684AE6933FDA}"
EndProject
Global
	GlobalSection(SolutionConfigurationPlatforms) = preSolution
		Debug|Any CPU = Debug|Any CPU
		Debug|ARM = Debug|ARM
		Debug|x64 = Debug|x64
		Debug|x86 = Debug|x86
		Release|Any CPU = Release|Any CPU
		Release|ARM = Release|ARM
		Release|x64 = Release|x64
		Release|x86 = Release|x86
	EndGlobalSection
	GlobalSection(ProjectConfigurationPlatforms) = postSolution
		{99BE4478-A4A5-4AFC-8C2D-9FCFC1088B5A}.Debug|Any CPU.ActiveCfg = Debug|Any CPU
		{99BE4478-A4A5-4AFC-8C2D-9FCFC1088B5A}.Debug|Any CPU.Build.0 = Debug|Any CPU
		{99BE4478-A4A5-4AFC-8C2D-9FCFC1088B5A}.Debug|ARM.ActiveCfg = Debug|Any CPU
		{99BE4478-A4A5-4AFC-8C2D-9FCFC1088B5A}.Debug|ARM.Build.0 = Debug|Any CPU
		{99BE4478-A4A5-4AFC-8C2D-9FCFC1088B5A}.Debug|x64.ActiveCfg = Debug|Any CPU
		{99BE4478-A4A5-4AFC-8C2D-9FCFC1088B5A}.Debug|x64.Build.0 = Debug|Any CPU
		{99BE4478-A4A5-4AFC-8C2D-9FCFC1088B5A}.Debug|x86.ActiveCfg = Debug|Any CPU
		{99BE4478-A4A5-4AFC-8C2D-9FCFC1088B5A}.Debug|x86.Build.0 = Debug|Any CPU
		{99BE4478-A4A5-4AFC-8C2D-9FCFC1088B5A}.Release|Any CPU.ActiveCfg = Debug|Any CPU
		{99BE4478-A4A5-4AFC-8C2D-9FCFC1088B5A}.Release|Any CPU.Build.0 = Debug|Any CPU
		{99BE4478-A4A5-4AFC-8C2D-9FCFC1088B5A}.Release|ARM.ActiveCfg = Release|Any CPU
		{99BE4478-A4A5-4AFC-8C2D-9FCFC1088B5A}.Release|ARM.Build.0 = Release|Any CPU
		{99BE4478-A4A5-4AFC-8C2D-9FCFC1088B5A}.Release|x64.ActiveCfg = Release|Any CPU
		{99BE4478-A4A5-4AFC-8C2D-9FCFC1088B5A}.Release|x64.Build.0 = Release|Any CPU
		{99BE4478-A4A5-4AFC-8C2D-9FCFC1088B5A}.Release|x86.ActiveCfg = Release|Any CPU
		{99BE4478-A4A5-4AFC-8C2D-9FCFC1088B5A}.Release|x86.Build.0 = Release|Any CPU
		{7537D758-6032-440F-B8BE-E1C828FEDF0E}.Debug|Any CPU.ActiveCfg = Debug|Any CPU
		{7537D758-6032-440F-B8BE-E1C828FEDF0E}.Debug|Any CPU.Build.0 = Debug|Any CPU
		{7537D758-6032-440F-B8BE-E1C828FEDF0E}.Debug|ARM.ActiveCfg = Debug|Any CPU
		{7537D758-6032-440F-B8BE-E1C828FEDF0E}.Debug|ARM.Build.0 = Debug|Any CPU
		{7537D758-6032-440F-B8BE-E1C828FEDF0E}.Debug|x64.ActiveCfg = Debug|Any CPU
		{7537D758-6032-440F-B8BE-E1C828FEDF0E}.Debug|x64.Build.0 = Debug|Any CPU
		{7537D758-6032-440F-B8BE-E1C828FEDF0E}.Debug|x86.ActiveCfg = Debug|Any CPU
		{7537D758-6032-440F-B8BE-E1C828FEDF0E}.Debug|x86.Build.0 = Debug|Any CPU
		{7537D758-6032-440F-B8BE-E1C828FEDF0E}.Release|Any CPU.ActiveCfg = Debug|Any CPU
		{7537D758-6032-440F-B8BE-E1C828FEDF0E}.Release|Any CPU.Build.0 = Debug|Any CPU
		{7537D758-6032-440F-B8BE-E1C828FEDF0E}.Release|ARM.ActiveCfg = Release|Any CPU
		{7537D758-6032-440F-B8BE-E1C828FEDF0E}.Release|ARM.Build.0 = Release|Any CPU
		{7537D758-6032-440F-B8BE-E1C828FEDF0E}.Release|x64.ActiveCfg = Release|Any CPU
		{7537D758-6032-440F-B8BE-E1C828FEDF0E}.Release|x64.Build.0 = Release|Any CPU
		{7537D758-6032-440F-B8BE-E1C828FEDF0E}.Release|x86.ActiveCfg = Release|Any CPU
		{7537D758-6032-440F-B8BE-E1C828FEDF0E}.Release|x86.Build.0 = Release|Any CPU
		{BA9EB53C-5D70-4123-8EB8-84780E72F749}.Debug|Any CPU.ActiveCfg = Debug|Any CPU
		{BA9EB53C-5D70-4123-8EB8-84780E72F749}.Debug|Any CPU.Build.0 = Debug|Any CPU
		{BA9EB53C-5D70-4123-8EB8-84780E72F749}.Debug|ARM.ActiveCfg = Debug|Any CPU
		{BA9EB53C-5D70-4123-8EB8-84780E72F749}.Debug|ARM.Build.0 = Debug|Any CPU
		{BA9EB53C-5D70-4123-8EB8-84780E72F749}.Debug|x64.ActiveCfg = Debug|Any CPU
		{BA9EB53C-5D70-4123-8EB8-84780E72F749}.Debug|x64.Build.0 = Debug|Any CPU
		{BA9EB53C-5D70-4123-8EB8-84780E72F749}.Debug|x86.ActiveCfg = Debug|Any CPU
		{BA9EB53C-5D70-4123-8EB8-84780E72F749}.Debug|x86.Build.0 = Debug|Any CPU
		{BA9EB53C-5D70-4123-8EB8-84780E72F749}.Release|Any CPU.ActiveCfg = Debug|Any CPU
		{BA9EB53C-5D70-4123-8EB8-84780E72F749}.Release|Any CPU.Build.0 = Debug|Any CPU
		{BA9EB53C-5D70-4123-8EB8-84780E72F749}.Release|ARM.ActiveCfg = Release|Any CPU
		{BA9EB53C-5D70-4123-8EB8-84780E72F749}.Release|ARM.Build.0 = Release|Any CPU
		{BA9EB53C-5D70-4123-8EB8-84780E72F749}.Release|x64.ActiveCfg = Release|Any CPU
		{BA9EB53C-5D70-4123-8EB8-84780E72F749}.Release|x64.Build.0 = Release|Any CPU
		{BA9EB53C-5D70-4123-8EB8-84780E72F749}.Release|x86.ActiveCfg = Release|Any CPU
		{BA9EB53C-5D70-4123-8EB8-84780E72F749}.Release|x86.Build.0 = Release|Any CPU
		{A216B346-78BE-42DC-B5A1-62E8C36D0718}.Debug|Any CPU.ActiveCfg = Debug|Any CPU
		{A216B346-78BE-42DC-B5A1-62E8C36D0718}.Debug|Any CPU.Build.0 = Debug|Any CPU
		{A216B346-78BE-42DC-B5A1-62E8C36D0718}.Debug|ARM.ActiveCfg = Debug|Any CPU
		{A216B346-78BE-42DC-B5A1-62E8C36D0718}.Debug|ARM.Build.0 = Debug|Any CPU
		{A216B346-78BE-42DC-B5A1-62E8C36D0718}.Debug|x64.ActiveCfg = Debug|Any CPU
		{A216B346-78BE-42DC-B5A1-62E8C36D0718}.Debug|x64.Build.0 = Debug|Any CPU
		{A216B346-78BE-42DC-B5A1-62E8C36D0718}.Debug|x86.ActiveCfg = Debug|Any CPU
		{A216B346-78BE-42DC-B5A1-62E8C36D0718}.Debug|x86.Build.0 = Debug|Any CPU
		{A216B346-78BE-42DC-B5A1-62E8C36D0718}.Release|Any CPU.ActiveCfg = Debug|Any CPU
		{A216B346-78BE-42DC-B5A1-62E8C36D0718}.Release|Any CPU.Build.0 = Debug|Any CPU
		{A216B346-78BE-42DC-B5A1-62E8C36D0718}.Release|ARM.ActiveCfg = Release|Any CPU
		{A216B346-78BE-42DC-B5A1-62E8C36D0718}.Release|ARM.Build.0 = Release|Any CPU
		{A216B346-78BE-42DC-B5A1-62E8C36D0718}.Release|x64.ActiveCfg = Release|Any CPU
		{A216B346-78BE-42DC-B5A1-62E8C36D0718}.Release|x64.Build.0 = Release|Any CPU
		{A216B346-78BE-42DC-B5A1-62E8C36D0718}.Release|x86.ActiveCfg = Release|Any CPU
		{A216B346-78BE-42DC-B5A1-62E8C36D0718}.Release|x86.Build.0 = Release|Any CPU
		{7F483311-82E2-4B0B-BB0D-684AE6933FDA}.Debug|Any CPU.ActiveCfg = Debug|Any CPU
		{7F483311-82E2-4B0B-BB0D-684AE6933FDA}.Debug|Any CPU.Build.0 = Debug|Any CPU
		{7F483311-82E2-4B0B-BB0D-684AE6933FDA}.Debug|ARM.ActiveCfg = Debug|Any CPU
		{7F483311-82E2-4B0B-BB0D-684AE6933FDA}.Debug|ARM.Build.0 = Debug|Any CPU
		{7F483311-82E2-4B0B-BB0D-684AE6933FDA}.Debug|x64.ActiveCfg = Debug|Any CPU
		{7F483311-82E2-4B0B-BB0D-684AE6933FDA}.Debug|x64.Build.0 = Debug|Any CPU
		{7F483311-82E2-4B0B-BB0D-684AE6933FDA}.Debug|x86.ActiveCfg = Debug|Any CPU
		{7F483311-82E2-4B0B-BB0D-684AE6933FDA}.Debug|x86.Build.0 = Debug|Any CPU
		{7F483311-82E2-4B0B-BB0D-684AE6933FDA}.Release|Any CPU.ActiveCfg = Release|Any CPU
		{7F483311-82E2-4B0B-BB0D-684AE6933FDA}.Release|Any CPU.Build.0 = Release|Any CPU
		{7F483311-82E2-4B0B-BB0D-684AE6933FDA}.Release|ARM.ActiveCfg = Release|Any CPU
		{7F483311-82E2-4B0B-BB0D-684AE6933FDA}.Release|ARM.Build.0 = Release|Any CPU
		{7F483311-82E2-4B0B-BB0D-684AE6933FDA}.Release|x64.ActiveCfg = Release|Any CPU
		{7F483311-82E2-4B0B-BB0D-684AE6933FDA}.Release|x64.Build.0 = Release|Any CPU
		{7F483311-82E2-4B0B-BB0D-684AE6933FDA}.Release|x86.ActiveCfg = Release|Any CPU
		{7F483311-82E2-4B0B-BB0D-684AE6933FDA}.Release|x86.Build.0 = Release|Any CPU
	EndGlobalSection
	GlobalSection(SolutionProperties) = preSolution
		HideSolutionNode = FALSE
	EndGlobalSection
EndGlobal
